// !$*UTF8*$!
{
	archiveVersion = 1;
	classes = {
	};
	objectVersion = 50;
	objects = {

/* Begin PBXBuildFile section */
		A000D4D1215DC59D00015725 /* AppDelegate.swift in Sources */ = {isa = PBXBuildFile; fileRef = A000D4D0215DC59D00015725 /* AppDelegate.swift */; };
		A000D4D6215DC59D00015725 /* Main.storyboard in Resources */ = {isa = PBXBuildFile; fileRef = A000D4D4215DC59D00015725 /* Main.storyboard */; };
		A000D4D9215DC59D00015725 /* CoreDataPersonFetchResult.xcdatamodeld in Sources */ = {isa = PBXBuildFile; fileRef = A000D4D7215DC59D00015725 /* CoreDataPersonFetchResult.xcdatamodeld */; };
		A000D4DB215DC59E00015725 /* Assets.xcassets in Resources */ = {isa = PBXBuildFile; fileRef = A000D4DA215DC59E00015725 /* Assets.xcassets */; };
		A000D4DE215DC59E00015725 /* LaunchScreen.storyboard in Resources */ = {isa = PBXBuildFile; fileRef = A000D4DC215DC59E00015725 /* LaunchScreen.storyboard */; };
		A000D4E9215DC65B00015725 /* TableViewCell.swift in Sources */ = {isa = PBXBuildFile; fileRef = A000D4E8215DC65B00015725 /* TableViewCell.swift */; };
		A000D4EB215DC68600015725 /* MasterViewController.swift in Sources */ = {isa = PBXBuildFile; fileRef = A000D4EA215DC68600015725 /* MasterViewController.swift */; };
		A000D4ED215DC6A400015725 /* DetailViewController.swift in Sources */ = {isa = PBXBuildFile; fileRef = A000D4EC215DC6A400015725 /* DetailViewController.swift */; };
		A000D4EF215DC6E200015725 /* DataService.swift in Sources */ = {isa = PBXBuildFile; fileRef = A000D4EE215DC6E200015725 /* DataService.swift */; };
/* End PBXBuildFile section */

/* Begin PBXFileReference section */
		A000D4CD215DC59D00015725 /* CoreDataPersonFetchResult.app */ = {isa = PBXFileReference; explicitFileType = wrapper.application; includeInIndex = 0; path = CoreDataPersonFetchResult.app; sourceTree = BUILT_PRODUCTS_DIR; };
		A000D4D0215DC59D00015725 /* AppDelegate.swift */ = {isa = PBXFileReference; lastKnownFileType = sourcecode.swift; path = AppDelegate.swift; sourceTree = "<group>"; };
		A000D4D5215DC59D00015725 /* Base */ = {isa = PBXFileReference; lastKnownFileType = file.storyboard; name = Base; path = Base.lproj/Main.storyboard; sourceTree = "<group>"; };
		A000D4D8215DC59D00015725 /* CoreDataPersonFetchResult.xcdatamodel */ = {isa = PBXFileReference; lastKnownFileType = wrapper.xcdatamodel; path = CoreDataPersonFetchResult.xcdatamodel; sourceTree = "<group>"; };
		A000D4DA215DC59E00015725 /* Assets.xcassets */ = {isa = PBXFileReference; lastKnownFileType = folder.assetcatalog; path = Assets.xcassets; sourceTree = "<group>"; };
		A000D4DD215DC59E00015725 /* Base */ = {isa = PBXFileReference; lastKnownFileType = file.storyboard; name = Base; path = Base.lproj/LaunchScreen.storyboard; sourceTree = "<group>"; };
		A000D4DF215DC59E00015725 /* Info.plist */ = {isa = PBXFileReference; lastKnownFileType = text.plist.xml; path = Info.plist; sourceTree = "<group>"; };
		A000D4E8215DC65B00015725 /* TableViewCell.swift */ = {isa = PBXFileReference; lastKnownFileType = sourcecode.swift; name = TableViewCell.swift; path = CoreDataPersonFetchResult/View/TableViewCell.swift; sourceTree = SOURCE_ROOT; };
		A000D4EA215DC68600015725 /* MasterViewController.swift */ = {isa = PBXFileReference; lastKnownFileType = sourcecode.swift; path = MasterViewController.swift; sourceTree = "<group>"; };
		A000D4EC215DC6A400015725 /* DetailViewController.swift */ = {isa = PBXFileReference; lastKnownFileType = sourcecode.swift; path = DetailViewController.swift; sourceTree = "<group>"; };
		A000D4EE215DC6E200015725 /* DataService.swift */ = {isa = PBXFileReference; lastKnownFileType = sourcecode.swift; path = DataService.swift; sourceTree = "<group>"; };
/* End PBXFileReference section */

/* Begin PBXFrameworksBuildPhase section */
		A000D4CA215DC59D00015725 /* Frameworks */ = {
			isa = PBXFrameworksBuildPhase;
			buildActionMask = 2147483647;
			files = (
			);
			runOnlyForDeploymentPostprocessing = 0;
		};
/* End PBXFrameworksBuildPhase section */

/* Begin PBXGroup section */
		A000D4C4215DC59D00015725 = {
			isa = PBXGroup;
			children = (
				A000D4CF215DC59D00015725 /* CoreDataPersonFetchResult */,
				A000D4CE215DC59D00015725 /* Products */,
			);
			sourceTree = "<group>";
		};
		A000D4CE215DC59D00015725 /* Products */ = {
			isa = PBXGroup;
			children = (
				A000D4CD215DC59D00015725 /* CoreDataPersonFetchResult.app */,
			);
			name = Products;
			sourceTree = "<group>";
		};
		A000D4CF215DC59D00015725 /* CoreDataPersonFetchResult */ = {
			isa = PBXGroup;
			children = (
				A000D4E7215DC64600015725 /* Controller */,
				A000D4E6215DC63A00015725 /* View */,
				A000D4E5215DC63300015725 /* Model */,
				A000D4D4215DC59D00015725 /* Main.storyboard */,
				A000D4D0215DC59D00015725 /* AppDelegate.swift */,
				A000D4DA215DC59E00015725 /* Assets.xcassets */,
				A000D4DC215DC59E00015725 /* LaunchScreen.storyboard */,
				A000D4DF215DC59E00015725 /* Info.plist */,
				A000D4D7215DC59D00015725 /* CoreDataPersonFetchResult.xcdatamodeld */,
			);
			path = CoreDataPersonFetchResult;
			sourceTree = "<group>";
		};
		A000D4E5215DC63300015725 /* Model */ = {
			isa = PBXGroup;
			children = (
				A000D4EE215DC6E200015725 /* DataService.swift */,
			);
			path = Model;
			sourceTree = "<group>";
		};
		A000D4E6215DC63A00015725 /* View */ = {
			isa = PBXGroup;
			children = (
				A000D4E8215DC65B00015725 /* TableViewCell.swift */,
			);
			path = View;
			sourceTree = "<group>";
		};
		A000D4E7215DC64600015725 /* Controller */ = {
			isa = PBXGroup;
			children = (
				A000D4EA215DC68600015725 /* MasterViewController.swift */,
				A000D4EC215DC6A400015725 /* DetailViewController.swift */,
			);
			path = Controller;
			sourceTree = "<group>";
		};
/* End PBXGroup section */

/* Begin PBXNativeTarget section */
		A000D4CC215DC59D00015725 /* CoreDataPersonFetchResult */ = {
			isa = PBXNativeTarget;
			buildConfigurationList = A000D4E2215DC59E00015725 /* Build configuration list for PBXNativeTarget "CoreDataPersonFetchResult" */;
			buildPhases = (
				A000D4C9215DC59D00015725 /* Sources */,
				A000D4CA215DC59D00015725 /* Frameworks */,
				A000D4CB215DC59D00015725 /* Resources */,
			);
			buildRules = (
			);
			dependencies = (
			);
			name = CoreDataPersonFetchResult;
			productName = CoreDataPersonFetchResult;
			productReference = A000D4CD215DC59D00015725 /* CoreDataPersonFetchResult.app */;
			productType = "com.apple.product-type.application";
		};
/* End PBXNativeTarget section */

/* Begin PBXProject section */
		A000D4C5215DC59D00015725 /* Project object */ = {
			isa = PBXProject;
			attributes = {
				LastSwiftUpdateCheck = 0940;
				LastUpgradeCheck = 0940;
				ORGANIZATIONNAME = "Hiếu Nguyễn";
				TargetAttributes = {
					A000D4CC215DC59D00015725 = {
						CreatedOnToolsVersion = 9.4.1;
					};
				};
			};
			buildConfigurationList = A000D4C8215DC59D00015725 /* Build configuration list for PBXProject "CoreDataPersonFetchResult" */;
			compatibilityVersion = "Xcode 9.3";
			developmentRegion = en;
			hasScannedForEncodings = 0;
			knownRegions = (
				en,
				Base,
			);
			mainGroup = A000D4C4215DC59D00015725;
			productRefGroup = A000D4CE215DC59D00015725 /* Products */;
			projectDirPath = "";
			projectRoot = "";
			targets = (
				A000D4CC215DC59D00015725 /* CoreDataPersonFetchResult */,
			);
		};
/* End PBXProject section */

/* Begin PBXResourcesBuildPhase section */
		A000D4CB215DC59D00015725 /* Resources */ = {
			isa = PBXResourcesBuildPhase;
			buildActionMask = 2147483647;
			files = (
				A000D4DE215DC59E00015725 /* LaunchScreen.storyboard in Resources */,
				A000D4DB215DC59E00015725 /* Assets.xcassets in Resources */,
				A000D4D6215DC59D00015725 /* Main.storyboard in Resources */,
			);
			runOnlyForDeploymentPostprocessing = 0;
		};
/* End PBXResourcesBuildPhase section */

/* Begin PBXSourcesBuildPhase section */
		A000D4C9215DC59D00015725 /* Sources */ = {
			isa = PBXSourcesBuildPhase;
			buildActionMask = 2147483647;
			files = (
				A000D4EB215DC68600015725 /* MasterViewController.swift in Sources */,
				A000D4E9215DC65B00015725 /* TableViewCell.swift in Sources */,
				A000D4ED215DC6A400015725 /* DetailViewController.swift in Sources */,
				A000D4EF215DC6E200015725 /* DataService.swift in Sources */,
				A000D4D9215DC59D00015725 /* CoreDataPersonFetchResult.xcdatamodeld in Sources */,
				A000D4D1215DC59D00015725 /* AppDelegate.swift in Sources */,
			);
			runOnlyForDeploymentPostprocessing = 0;
		};
/* End PBXSourcesBuildPhase section */

/* Begin PBXVariantGroup section */
		A000D4D4215DC59D00015725 /* Main.storyboard */ = {
			isa = PBXVariantGroup;
			children = (
				A000D4D5215DC59D00015725 /* Base */,
			);
			name = Main.storyboard;
			sourceTree = "<group>";
		};
		A000D4DC215DC59E00015725 /* LaunchScreen.storyboard */ = {
			isa = PBXVariantGroup;
			children = (
				A000D4DD215DC59E00015725 /* Base */,
			);
			name = LaunchScreen.storyboard;
			sourceTree = "<group>";
		};
/* End PBXVariantGroup section */

/* Begin XCBuildConfiguration section */
		A000D4E0215DC59E00015725 /* Debug */ = {
			isa = XCBuildConfiguration;
			buildSettings = {
				ALWAYS_SEARCH_USER_PATHS = NO;
				CLANG_ANALYZER_NONNULL = YES;
				CLANG_ANALYZER_NUMBER_OBJECT_CONVERSION = YES_AGGRESSIVE;
				CLANG_CXX_LANGUAGE_STANDARD = "gnu++14";
				CLANG_CXX_LIBRARY = "libc++";
				CLANG_ENABLE_MODULES = YES;
				CLANG_ENABLE_OBJC_ARC = YES;
				CLANG_ENABLE_OBJC_WEAK = YES;
				CLANG_WARN_BLOCK_CAPTURE_AUTORELEASING = YES;
				CLANG_WARN_BOOL_CONVERSION = YES;
				CLANG_WARN_COMMA = YES;
				CLANG_WARN_CONSTANT_CONVERSION = YES;
				CLANG_WARN_DEPRECATED_OBJC_IMPLEMENTATIONS = YES;
				CLANG_WARN_DIRECT_OBJC_ISA_USAGE = YES_ERROR;
				CLANG_WARN_DOCUMENTATION_COMMENTS = YES;
				CLANG_WARN_EMPTY_BODY = YES;
				CLANG_WARN_ENUM_CONVERSION = YES;
				CLANG_WARN_INFINITE_RECURSION = YES;
				CLANG_WARN_INT_CONVERSION = YES;
				CLANG_WARN_NON_LITERAL_NULL_CONVERSION = YES;
				CLANG_WARN_OBJC_IMPLICIT_RETAIN_SELF = YES;
				CLANG_WARN_OBJC_LITERAL_CONVERSION = YES;
				CLANG_WARN_OBJC_ROOT_CLASS = YES_ERROR;
				CLANG_WARN_RANGE_LOOP_ANALYSIS = YES;
				CLANG_WARN_STRICT_PROTOTYPES = YES;
				CLANG_WARN_SUSPICIOUS_MOVE = YES;
				CLANG_WARN_UNGUARDED_AVAILABILITY = YES_AGGRESSIVE;
				CLANG_WARN_UNREACHABLE_CODE = YES;
				CLANG_WARN__DUPLICATE_METHOD_MATCH = YES;
				CODE_SIGN_IDENTITY = "iPhone Developer";
				COPY_PHASE_STRIP = NO;
				DEBUG_INFORMATION_FORMAT = dwarf;
				ENABLE_STRICT_OBJC_MSGSEND = YES;
				ENABLE_TESTABILITY = YES;
				GCC_C_LANGUAGE_STANDARD = gnu11;
				GCC_DYNAMIC_NO_PIC = NO;
				GCC_NO_COMMON_BLOCKS = YES;
				GCC_OPTIMIZATION_LEVEL = 0;
				GCC_PREPROCESSOR_DEFINITIONS = (
					"DEBUG=1",
					"$(inherited)",
				);
				GCC_WARN_64_TO_32_BIT_CONVERSION = YES;
				GCC_WARN_ABOUT_RETURN_TYPE = YES_ERROR;
				GCC_WARN_UNDECLARED_SELECTOR = YES;
				GCC_WARN_UNINITIALIZED_AUTOS = YES_AGGRESSIVE;
				GCC_WARN_UNUSED_FUNCTION = YES;
				GCC_WARN_UNUSED_VARIABLE = YES;
				IPHONEOS_DEPLOYMENT_TARGET = 11.4;
				MTL_ENABLE_DEBUG_INFO = YES;
				ONLY_ACTIVE_ARCH = YES;
				SDKROOT = iphoneos;
				SWIFT_ACTIVE_COMPILATION_CONDITIONS = DEBUG;
				SWIFT_OPTIMIZATION_LEVEL = "-Onone";
			};
			name = Debug;
		};
		A000D4E1215DC59E00015725 /* Release */ = {
			isa = XCBuildConfiguration;
			buildSettings = {
				ALWAYS_SEARCH_USER_PATHS = NO;
				CLANG_ANALYZER_NONNULL = YES;
				CLANG_ANALYZER_NUMBER_OBJECT_CONVERSION = YES_AGGRESSIVE;
				CLANG_CXX_LANGUAGE_STANDARD = "gnu++14";
				CLANG_CXX_LIBRARY = "libc++";
				CLANG_ENABLE_MODULES = YES;
				CLANG_ENABLE_OBJC_ARC = YES;
				CLANG_ENABLE_OBJC_WEAK = YES;
				CLANG_WARN_BLOCK_CAPTURE_AUTORELEASING = YES;
				CLANG_WARN_BOOL_CONVERSION = YES;
				CLANG_WARN_COMMA = YES;
				CLANG_WARN_CONSTANT_CONVERSION = YES;
				CLANG_WARN_DEPRECATED_OBJC_IMPLEMENTATIONS = YES;
				CLANG_WARN_DIRECT_OBJC_ISA_USAGE = YES_ERROR;
				CLANG_WARN_DOCUMENTATION_COMMENTS = YES;
				CLANG_WARN_EMPTY_BODY = YES;
				CLANG_WARN_ENUM_CONVERSION = YES;
				CLANG_WARN_INFINITE_RECURSION = YES;
				CLANG_WARN_INT_CONVERSION = YES;
				CLANG_WARN_NON_LITERAL_NULL_CONVERSION = YES;
				CLANG_WARN_OBJC_IMPLICIT_RETAIN_SELF = YES;
				CLANG_WARN_OBJC_LITERAL_CONVERSION = YES;
				CLANG_WARN_OBJC_ROOT_CLASS = YES_ERROR;
				CLANG_WARN_RANGE_LOOP_ANALYSIS = YES;
				CLANG_WARN_STRICT_PROTOTYPES = YES;
				CLANG_WARN_SUSPICIOUS_MOVE = YES;
				CLANG_WARN_UNGUARDED_AVAILABILITY = YES_AGGRESSIVE;
				CLANG_WARN_UNREACHABLE_CODE = YES;
				CLANG_WARN__DUPLICATE_METHOD_MATCH = YES;
				CODE_SIGN_IDENTITY = "iPhone Developer";
				COPY_PHASE_STRIP = NO;
				DEBUG_INFORMATION_FORMAT = "dwarf-with-dsym";
				ENABLE_NS_ASSERTIONS = NO;
				ENABLE_STRICT_OBJC_MSGSEND = YES;
				GCC_C_LANGUAGE_STANDARD = gnu11;
				GCC_NO_COMMON_BLOCKS = YES;
				GCC_WARN_64_TO_32_BIT_CONVERSION = YES;
				GCC_WARN_ABOUT_RETURN_TYPE = YES_ERROR;
				GCC_WARN_UNDECLARED_SELECTOR = YES;
				GCC_WARN_UNINITIALIZED_AUTOS = YES_AGGRESSIVE;
				GCC_WARN_UNUSED_FUNCTION = YES;
				GCC_WARN_UNUSED_VARIABLE = YES;
				IPHONEOS_DEPLOYMENT_TARGET = 11.4;
				MTL_ENABLE_DEBUG_INFO = NO;
				SDKROOT = iphoneos;
				SWIFT_COMPILATION_MODE = wholemodule;
				SWIFT_OPTIMIZATION_LEVEL = "-O";
				VALIDATE_PRODUCT = YES;
			};
			name = Release;
		};
		A000D4E3215DC59E00015725 /* Debug */ = {
			isa = XCBuildConfiguration;
			buildSettings = {
				ASSETCATALOG_COMPILER_APPICON_NAME = AppIcon;
				CODE_SIGN_STYLE = Automatic;
				INFOPLIST_FILE = CoreDataPersonFetchResult/Info.plist;
				LD_RUNPATH_SEARCH_PATHS = (
					"$(inherited)",
					"@executable_path/Frameworks",
				);
				PRODUCT_BUNDLE_IDENTIFIER = com.hieuNguyen.CoreDataPersonFetchResult;
				PRODUCT_NAME = "$(TARGET_NAME)";
				SWIFT_VERSION = 4.0;
				TARGETED_DEVICE_FAMILY = "1,2";
			};
			name = Debug;
		};
		A000D4E4215DC59E00015725 /* Release */ = {
			isa = XCBuildConfiguration;
			buildSettings = {
				ASSETCATALOG_COMPILER_APPICON_NAME = AppIcon;
				CODE_SIGN_STYLE = Automatic;
				INFOPLIST_FILE = CoreDataPersonFetchResult/Info.plist;
				LD_RUNPATH_SEARCH_PATHS = (
					"$(inherited)",
					"@executable_path/Frameworks",
				);
				PRODUCT_BUNDLE_IDENTIFIER = com.hieuNguyen.CoreDataPersonFetchResult;
				PRODUCT_NAME = "$(TARGET_NAME)";
				SWIFT_VERSION = 4.0;
				TARGETED_DEVICE_FAMILY = "1,2";
			};
			name = Release;
		};
/* End XCBuildConfiguration section */

/* Begin XCConfigurationList section */
		A000D4C8215DC59D00015725 /* Build configuration list for PBXProject "CoreDataPersonFetchResult" */ = {
			isa = XCConfigurationList;
			buildConfigurations = (
				A000D4E0215DC59E00015725 /* Debug */,
				A000D4E1215DC59E00015725 /* Release */,
			);
			defaultConfigurationIsVisible = 0;
			defaultConfigurationName = Release;
		};
		A000D4E2215DC59E00015725 /* Build configuration list for PBXNativeTarget "CoreDataPersonFetchResult" */ = {
			isa = XCConfigurationList;
			buildConfigurations = (
				A000D4E3215DC59E00015725 /* Debug */,
				A000D4E4215DC59E00015725 /* Release */,
			);
			defaultConfigurationIsVisible = 0;
			defaultConfigurationName = Release;
		};
/* End XCConfigurationList section */

/* Begin XCVersionGroup section */
		A000D4D7215DC59D00015725 /* CoreDataPersonFetchResult.xcdatamodeld */ = {
			isa = XCVersionGroup;
			children = (
				A000D4D8215DC59D00015725 /* CoreDataPersonFetchResult.xcdatamodel */,
			);
			currentVersion = A000D4D8215DC59D00015725 /* CoreDataPersonFetchResult.xcdatamodel */;
			path = CoreDataPersonFetchResult.xcdatamodeld;
			sourceTree = "<group>";
			versionGroupType = wrapper.xcdatamodel;
		};
/* End XCVersionGroup section */
	};
	rootObject = A000D4C5215DC59D00015725 /* Project object */;
}
